{
  "nodes": {
    "delroth-net": {
      "inputs": {
        "flake-utils": "flake-utils",
        "nixpkgs": [
          "nixpkgs"
        ]
      },
      "locked": {
        "lastModified": 1730197755,
        "narHash": "sha256-uzrvJIu0Az54AQ6V32JVhiOXGfP5NMMcXMolY7O2QjI=",
        "ref": "refs/heads/master",
        "rev": "183bac748a7491e498fccf670786d2e84c7d8503",
        "revCount": 46,
        "submodules": true,
        "type": "git",
        "url": "https://github.com/delroth/delroth.net"
      },
      "original": {
        "submodules": true,
        "type": "git",
        "url": "https://github.com/delroth/delroth.net"
      }
    },
    "flake-compat": {
      "flake": false,
      "locked": {
        "lastModified": 1673956053,
        "narHash": "sha256-4gtG9iQuiKITOjNQQeQIpoIB6b16fm+504Ch3sNKLd8=",
        "owner": "edolstra",
        "repo": "flake-compat",
        "rev": "35bb57c0c8d8b62bbfd284272c928ceb64ddbde9",
        "type": "github"
      },
      "original": {
        "owner": "edolstra",
        "repo": "flake-compat",
        "type": "github"
      }
    },
    "flake-utils": {
      "inputs": {
        "systems": "systems"
      },
      "locked": {
        "lastModified": 1726560853,
        "narHash": "sha256-X6rJYSESBVr3hBoH0WbKE5KvhPU5bloyZ2L4K60/fPQ=",
        "owner": "numtide",
        "repo": "flake-utils",
        "rev": "c1dfcf08411b08f6b8615f7d8971a2bfa81d5e8a",
        "type": "github"
      },
      "original": {
        "owner": "numtide",
        "repo": "flake-utils",
        "type": "github"
      }
    },
    "flake-utils_2": {
      "inputs": {
        "systems": "systems_2"
      },
      "locked": {
        "lastModified": 1692799911,
        "narHash": "sha256-3eihraek4qL744EvQXsK1Ha6C3CR7nnT8X2qWap4RNk=",
        "owner": "numtide",
        "repo": "flake-utils",
        "rev": "f9e7cf818399d17d347f847525c5a5a8032e4e44",
        "type": "github"
      },
      "original": {
        "owner": "numtide",
        "repo": "flake-utils",
        "type": "github"
      }
    },
    "flake-utils_3": {
      "inputs": {
        "systems": "systems_3"
      },
      "locked": {
        "lastModified": 1692799911,
        "narHash": "sha256-3eihraek4qL744EvQXsK1Ha6C3CR7nnT8X2qWap4RNk=",
        "owner": "numtide",
        "repo": "flake-utils",
        "rev": "f9e7cf818399d17d347f847525c5a5a8032e4e44",
        "type": "github"
      },
      "original": {
        "owner": "numtide",
        "repo": "flake-utils",
        "type": "github"
      }
    },
    "flake-utils_4": {
      "inputs": {
        "systems": "systems_4"
      },
      "locked": {
        "lastModified": 1731533236,
        "narHash": "sha256-l0KFg5HjrsfsO/JpG+r7fRrqm12kzFHyUHqHCVpMMbI=",
        "owner": "numtide",
        "repo": "flake-utils",
        "rev": "11707dc2f618dd54ca8739b309ec4fc024de578b",
        "type": "github"
      },
      "original": {
        "owner": "numtide",
        "repo": "flake-utils",
        "type": "github"
      }
    },
    "flake-utils_5": {
      "inputs": {
        "systems": "systems_5"
      },
      "locked": {
        "lastModified": 1710146030,
        "narHash": "sha256-SZ5L6eA7HJ/nmkzGG7/ISclqe6oZdOZTNoesiInkXPQ=",
        "owner": "numtide",
        "repo": "flake-utils",
        "rev": "b1d9ab70662946ef0850d488da1c9019f3a9752a",
        "type": "github"
      },
      "original": {
        "owner": "numtide",
        "repo": "flake-utils",
        "type": "github"
      }
    },
    "flake-utils_6": {
      "inputs": {
        "systems": "systems_6"
      },
      "locked": {
        "lastModified": 1726560853,
        "narHash": "sha256-X6rJYSESBVr3hBoH0WbKE5KvhPU5bloyZ2L4K60/fPQ=",
        "owner": "numtide",
        "repo": "flake-utils",
        "rev": "c1dfcf08411b08f6b8615f7d8971a2bfa81d5e8a",
        "type": "github"
      },
      "original": {
        "owner": "numtide",
        "repo": "flake-utils",
        "type": "github"
      }
    },
    "flake-utils_7": {
      "inputs": {
        "systems": "systems_8"
      },
      "locked": {
        "lastModified": 1710146030,
        "narHash": "sha256-SZ5L6eA7HJ/nmkzGG7/ISclqe6oZdOZTNoesiInkXPQ=",
        "owner": "numtide",
        "repo": "flake-utils",
        "rev": "b1d9ab70662946ef0850d488da1c9019f3a9752a",
        "type": "github"
      },
      "original": {
        "owner": "numtide",
        "repo": "flake-utils",
        "type": "github"
      }
    },
    "flake-utils_8": {
      "locked": {
        "lastModified": 1656928814,
        "narHash": "sha256-RIFfgBuKz6Hp89yRr7+NR5tzIAbn52h8vT6vXkYjZoM=",
        "owner": "numtide",
        "repo": "flake-utils",
        "rev": "7e2a3b3dfd9af950a856d66b0a7d01e3c18aa249",
        "type": "github"
      },
      "original": {
        "owner": "numtide",
        "repo": "flake-utils",
        "type": "github"
      }
    },
    "flakey-profile": {
      "locked": {
        "lastModified": 1712898590,
        "narHash": "sha256-FhGIEU93VHAChKEXx905TSiPZKga69bWl1VB37FK//I=",
        "owner": "lf-",
        "repo": "flakey-profile",
        "rev": "243c903fd8eadc0f63d205665a92d4df91d42d9d",
        "type": "github"
      },
      "original": {
        "owner": "lf-",
        "repo": "flakey-profile",
        "type": "github"
      }
    },
    "glome": {
      "flake": false,
      "locked": {
        "lastModified": 1684245275,
        "narHash": "sha256-lZJOjNt3uiYhb1KHp+fNwJsmiYx1sv8ZCQG7WZtY5oE=",
        "owner": "google",
        "repo": "glome",
        "rev": "48d28f82bd51ae4bccc84fbbee93c375b026596b",
        "type": "github"
      },
      "original": {
        "owner": "google",
        "repo": "glome",
        "type": "github"
      }
    },
    "glome-nixos": {
      "inputs": {
        "flake-utils": "flake-utils_2",
        "glome": "glome",
        "nixpkgs": [
          "nixpkgs"
        ]
      },
      "locked": {
        "lastModified": 1692833656,
        "narHash": "sha256-EFD79BY3riqONfM91ZeNhxCN0PHwSeLFDL+Commur+Q=",
        "owner": "delroth",
        "repo": "glome-nixos",
        "rev": "c2c89a27dc92e750d355f984e6ad1049846f1a9c",
        "type": "github"
      },
      "original": {
        "owner": "delroth",
        "repo": "glome-nixos",
        "type": "github"
      }
    },
    "home-manager": {
      "inputs": {
        "nixpkgs": [
          "nixpkgs"
        ]
      },
      "locked": {
        "lastModified": 1747184352,
        "narHash": "sha256-GBZulv50wztp5cgc405t1uOkxQYhSkMqeKLI+iSrlpk=",
        "owner": "nix-community",
        "repo": "home-manager",
        "rev": "7c1cefb98369cc85440642fdccc1c1394ca6dd2c",
        "type": "github"
      },
      "original": {
        "owner": "nix-community",
        "repo": "home-manager",
        "type": "github"
      }
    },
    "label-approved": {
      "inputs": {
        "flake-compat": "flake-compat",
        "flake-utils": "flake-utils_3",
        "nixpkgs": [
          "nixpkgs"
        ],
        "poetry2nix": [
          "poetry2nix"
        ]
      },
      "locked": {
        "lastModified": 1698772989,
        "narHash": "sha256-ZlqLXBZHfOT3Z0iXMAuQAgnzi4LQy/CWbKKD7nmkuO4=",
        "ref": "refs/heads/master",
        "rev": "400c948b753fcdd37e49d3b9de6e5d414a34bbb0",
        "revCount": 42,
        "type": "git",
        "url": "file:///home/delroth/work/label-approved"
      },
      "original": {
        "type": "git",
        "url": "file:///home/delroth/work/label-approved"
      }
    },
    "lix": {
      "flake": false,
      "locked": {
        "lastModified": 1751156047,
        "narHash": "sha256-cjBo82cbIyYtwj0b6bjmUsS5Plqko8W50TTAz7awvqs=",
        "rev": "e1ccbe9abd5042e5622379bcae35a81bfd242330",
        "type": "tarball",
        "url": "https://git.lix.systems/api/v1/repos/lix-project/lix/archive/e1ccbe9abd5042e5622379bcae35a81bfd242330.tar.gz?rev=e1ccbe9abd5042e5622379bcae35a81bfd242330"
      },
      "original": {
        "type": "tarball",
        "url": "https://git.lix.systems/lix-project/lix/archive/main.tar.gz"
      }
    },
    "lix-module": {
      "inputs": {
        "flake-utils": "flake-utils_4",
        "flakey-profile": "flakey-profile",
        "lix": [
          "lix"
        ],
        "nixpkgs": [
          "nixpkgs"
        ]
      },
      "locked": {
        "lastModified": 1747667424,
        "narHash": "sha256-7EICjbmG6lApWKhFtwvZovdcdORY1CEe6/K7JwtpYfs=",
        "ref": "refs/heads/main",
        "rev": "3c23c6ae2aecc1f76ae7993efe1a78b5316f0700",
        "revCount": 144,
        "type": "git",
        "url": "https://git@git.lix.systems/lix-project/nixos-module"
      },
      "original": {
        "type": "git",
        "url": "https://git@git.lix.systems/lix-project/nixos-module"
      }
    },
    "nix-github-actions": {
      "inputs": {
        "nixpkgs": [
          "poetry2nix",
          "nixpkgs"
        ]
      },
      "locked": {
        "lastModified": 1729742964,
        "narHash": "sha256-B4mzTcQ0FZHdpeWcpDYPERtyjJd/NIuaQ9+BV1h+MpA=",
        "owner": "nix-community",
        "repo": "nix-github-actions",
        "rev": "e04df33f62cdcf93d73e9a04142464753a16db67",
        "type": "github"
      },
      "original": {
        "owner": "nix-community",
        "repo": "nix-github-actions",
        "type": "github"
      }
    },
    "nixfmt": {
      "inputs": {
        "flake-utils": "flake-utils_5"
      },
      "locked": {
        "lastModified": 1747165640,
        "narHash": "sha256-xLwf5Xbc82HXHr/frexjnx0u19kOLT9KDQeytwQHcOs=",
        "owner": "NixOS",
        "repo": "nixfmt",
        "rev": "89598649a2a04e3c3c48d7d6b83e745a6e0b3e94",
        "type": "github"
      },
      "original": {
        "owner": "NixOS",
        "repo": "nixfmt",
        "type": "github"
      }
    },
    "nixpkgs": {
      "locked": {
        "lastModified": 1746952957,
        "narHash": "sha256-GB9IcufxpVgr+wQRnty0jJ9H+uocx+z71yYLV9bn+PM=",
        "ref": "refs/heads/master",
        "rev": "774dbfaed8070e02cde0b4d97b8d9bde967c982a",
        "revCount": 797940,
        "type": "git",
        "url": "file:///home/delroth/work/nixpkgs"
      },
      "original": {
        "type": "git",
        "url": "file:///home/delroth/work/nixpkgs"
      }
    },
    "poetry2nix": {
      "inputs": {
        "flake-utils": "flake-utils_6",
        "nix-github-actions": "nix-github-actions",
        "nixpkgs": [
          "nixpkgs"
        ],
        "systems": "systems_7",
        "treefmt-nix": "treefmt-nix"
      },
      "locked": {
        "lastModified": 1743690424,
        "narHash": "sha256-cX98bUuKuihOaRp8dNV1Mq7u6/CQZWTPth2IJPATBXc=",
        "owner": "nix-community",
        "repo": "poetry2nix",
        "rev": "ce2369db77f45688172384bbeb962bc6c2ea6f94",
        "type": "github"
      },
      "original": {
        "owner": "nix-community",
        "repo": "poetry2nix",
        "type": "github"
      }
    },
    "protonvpn-pmp-transmission": {
      "inputs": {
        "flake-utils": "flake-utils_7",
        "nixpkgs": [
          "nixpkgs"
        ],
        "poetry2nix": [
          "poetry2nix"
        ]
      },
      "locked": {
        "lastModified": 1712679885,
        "narHash": "sha256-Xa3+usxTWf0yVxMeuvaP1hYQ/tu94aznVouxg4wyyZI=",
        "owner": "delroth",
        "repo": "protonvpn-pmp-transmission",
        "rev": "25c94fb1bc5dfe2425c41093ba006a82988613a0",
        "type": "github"
      },
      "original": {
        "owner": "delroth",
        "repo": "protonvpn-pmp-transmission",
        "type": "github"
      }
    },
    "publibike-locator": {
      "inputs": {
        "flake-utils": "flake-utils_8",
        "nixpkgs": [
          "nixpkgs"
        ]
      },
      "locked": {
        "lastModified": 1751151159,
        "narHash": "sha256-oBzVwlp1POYQtF7cA4XpH3u5y1pGCx5vg8TA6yKMDxQ=",
        "owner": "delroth",
        "repo": "publibike-locator",
        "rev": "d1f93fdbeec831076f90955043b2e14c3b7864dd",
        "type": "github"
      },
      "original": {
        "owner": "delroth",
        "repo": "publibike-locator",
        "type": "github"
      }
    },
    "root": {
      "inputs": {
        "delroth-net": "delroth-net",
        "glome-nixos": "glome-nixos",
        "home-manager": "home-manager",
        "label-approved": "label-approved",
        "lix": "lix",
        "lix-module": "lix-module",
        "nixfmt": "nixfmt",
        "nixpkgs": "nixpkgs",
        "poetry2nix": "poetry2nix",
        "protonvpn-pmp-transmission": "protonvpn-pmp-transmission",
        "publibike-locator": "publibike-locator"
      }
    },
    "systems": {
      "locked": {
        "lastModified": 1681028828,
        "narHash": "sha256-Vy1rq5AaRuLzOxct8nz4T6wlgyUR7zLU309k9mBC768=",
        "owner": "nix-systems",
        "repo": "default",
        "rev": "da67096a3b9bf56a91d16901293e51ba5b49a27e",
        "type": "github"
      },
      "original": {
        "owner": "nix-systems",
        "repo": "default",
        "type": "github"
      }
    },
    "systems_2": {
      "locked": {
        "lastModified": 1681028828,
        "narHash": "sha256-Vy1rq5AaRuLzOxct8nz4T6wlgyUR7zLU309k9mBC768=",
        "owner": "nix-systems",
        "repo": "default",
        "rev": "da67096a3b9bf56a91d16901293e51ba5b49a27e",
        "type": "github"
      },
      "original": {
        "owner": "nix-systems",
        "repo": "default",
        "type": "github"
      }
    },
    "systems_3": {
      "locked": {
        "lastModified": 1681028828,
        "narHash": "sha256-Vy1rq5AaRuLzOxct8nz4T6wlgyUR7zLU309k9mBC768=",
        "owner": "nix-systems",
        "repo": "default",
        "rev": "da67096a3b9bf56a91d16901293e51ba5b49a27e",
        "type": "github"
      },
      "original": {
        "owner": "nix-systems",
        "repo": "default",
        "type": "github"
      }
    },
    "systems_4": {
      "locked": {
        "lastModified": 1681028828,
        "narHash": "sha256-Vy1rq5AaRuLzOxct8nz4T6wlgyUR7zLU309k9mBC768=",
        "owner": "nix-systems",
        "repo": "default",
        "rev": "da67096a3b9bf56a91d16901293e51ba5b49a27e",
        "type": "github"
      },
      "original": {
        "owner": "nix-systems",
        "repo": "default",
        "type": "github"
      }
    },
    "systems_5": {
      "locked": {
        "lastModified": 1681028828,
        "narHash": "sha256-Vy1rq5AaRuLzOxct8nz4T6wlgyUR7zLU309k9mBC768=",
        "owner": "nix-systems",
        "repo": "default",
        "rev": "da67096a3b9bf56a91d16901293e51ba5b49a27e",
        "type": "github"
      },
      "original": {
        "owner": "nix-systems",
        "repo": "default",
        "type": "github"
      }
    },
    "systems_6": {
      "locked": {
        "lastModified": 1681028828,
        "narHash": "sha256-Vy1rq5AaRuLzOxct8nz4T6wlgyUR7zLU309k9mBC768=",
        "owner": "nix-systems",
        "repo": "default",
        "rev": "da67096a3b9bf56a91d16901293e51ba5b49a27e",
        "type": "github"
      },
      "original": {
        "owner": "nix-systems",
        "repo": "default",
        "type": "github"
      }
    },
    "systems_7": {
      "locked": {
        "lastModified": 1681028828,
        "narHash": "sha256-Vy1rq5AaRuLzOxct8nz4T6wlgyUR7zLU309k9mBC768=",
        "owner": "nix-systems",
        "repo": "default",
        "rev": "da67096a3b9bf56a91d16901293e51ba5b49a27e",
        "type": "github"
      },
      "original": {
        "owner": "nix-systems",
        "repo": "default",
        "type": "github"
      }
    },
    "systems_8": {
      "locked": {
        "lastModified": 1681028828,
        "narHash": "sha256-Vy1rq5AaRuLzOxct8nz4T6wlgyUR7zLU309k9mBC768=",
        "owner": "nix-systems",
        "repo": "default",
        "rev": "da67096a3b9bf56a91d16901293e51ba5b49a27e",
        "type": "github"
      },
      "original": {
        "owner": "nix-systems",
        "repo": "default",
        "type": "github"
      }
    },
    "treefmt-nix": {
      "inputs": {
        "nixpkgs": [
          "poetry2nix",
          "nixpkgs"
        ]
      },
      "locked": {
        "lastModified": 1730120726,
        "narHash": "sha256-LqHYIxMrl/1p3/kvm2ir925tZ8DkI0KA10djk8wecSk=",
        "owner": "numtide",
        "repo": "treefmt-nix",
        "rev": "9ef337e492a5555d8e17a51c911ff1f02635be15",
        "type": "github"
      },
      "original": {
        "owner": "numtide",
        "repo": "treefmt-nix",
        "type": "github"
      }
    }
  },
  "root": "root",
  "version": 7
}
