{
  "nodes": {
    "delroth-net": {
      "inputs": {
        "flake-utils": "flake-utils",
        "nixpkgs": [
          "nixpkgs"
        ]
      },
      "locked": {
        "lastModified": 1686709050,
        "narHash": "sha256-cx00ufVnoRkiilw9EF14+0SM9umZEwTaHeB+LskBf0s=",
        "ref": "refs/heads/master",
        "rev": "951529c46daae3204e4a09368c65bf6600a71a45",
        "revCount": 35,
        "submodules": true,
        "type": "git",
        "url": "https://github.com/delroth/delroth.net"
      },
      "original": {
        "submodules": true,
        "type": "git",
        "url": "https://github.com/delroth/delroth.net"
      }
    },
    "flake-utils": {
      "inputs": {
        "systems": "systems"
      },
      "locked": {
        "lastModified": 1685518550,
        "narHash": "sha256-o2d0KcvaXzTrPRIo0kOLV0/QXHhDQ5DTi+OxcjO8xqY=",
        "owner": "numtide",
        "repo": "flake-utils",
        "rev": "a1720a10a6cfe8234c0e93907ffe81be440f4cef",
        "type": "github"
      },
      "original": {
        "owner": "numtide",
        "repo": "flake-utils",
        "type": "github"
      }
    },
    "home-manager": {
      "inputs": {
        "nixpkgs": [
          "nixpkgs"
        ]
      },
      "locked": {
        "lastModified": 1686693747,
        "narHash": "sha256-pf0rcQeKejsBfv6NPZCXAo1gN2XtRYm2jzRwHswYeEc=",
        "owner": "nix-community",
        "repo": "home-manager",
        "rev": "62f111ef1e50e518dbb3f0782a31dcd244a0a2d7",
        "type": "github"
      },
      "original": {
        "owner": "nix-community",
        "repo": "home-manager",
        "type": "github"
      }
    },
    "nixpkgs": {
      "locked": {
        "lastModified": 1686140135,
        "narHash": "sha256-bypTc7wqxf6FIu9WJTlsMAp3NkkifiItNPR/ftMJaBo=",
        "ref": "refs/heads/master",
        "rev": "3b564bd086d3ebacd7476e525ee59c593da11e74",
        "revCount": 492544,
        "type": "git",
        "url": "file:///home/delroth/work/nixpkgs"
      },
      "original": {
        "type": "git",
        "url": "file:///home/delroth/work/nixpkgs"
      }
    },
    "root": {
      "inputs": {
        "delroth-net": "delroth-net",
        "home-manager": "home-manager",
        "nixpkgs": "nixpkgs"
      }
    },
    "systems": {
      "locked": {
        "lastModified": 1681028828,
        "narHash": "sha256-Vy1rq5AaRuLzOxct8nz4T6wlgyUR7zLU309k9mBC768=",
        "owner": "nix-systems",
        "repo": "default",
        "rev": "da67096a3b9bf56a91d16901293e51ba5b49a27e",
        "type": "github"
      },
      "original": {
        "owner": "nix-systems",
        "repo": "default",
        "type": "github"
      }
    }
  },
  "root": "root",
  "version": 7
}
